
Microsoft Visual Studio Solution File, Format Version 12.00
# Visual Studio Version 17
VisualStudioVersion = 17.14.36408.4 d17.14
MinimumVisualStudioVersion = 10.0.40219.1
Project("{FAE04EC0-301F-11D3-BF4B-00C04F79EFBC}") = "LoginApi.API", "LoginApi.API\LoginApi.API.csproj", "{D8B66987-63F0-427D-9882-ACD3CFE47D75}"
EndProject
Project("{FAE04EC0-301F-11D3-BF4B-00C04F79EFBC}") = "LoginApi.Domain", "LoginApi.Domain\LoginApi.Domain.csproj", "{2559746C-1EC0-4FE0-A9B6-345DEF11BACC}"
EndProject
Project("{FAE04EC0-301F-11D3-BF4B-00C04F79EFBC}") = "LoginApi.Infrastructure", "LoginApi.Infrastructure\LoginApi.Infrastructure.csproj", "{3815A4B2-646F-48DF-8D80-EA17706FEDC2}"
EndProject
Project("{FAE04EC0-301F-11D3-BF4B-00C04F79EFBC}") = "LoginApi.Application", "LoginApi.Application\LoginApi.Application.csproj", "{59A1C51E-AE9E-4945-9525-1AA337403B93}"
EndProject
Project("{FAE04EC0-301F-11D3-BF4B-00C04F79EFBC}") = "LoginApi.IoC", "LoginApi.IoC\LoginApi.IoC.csproj", "{0512697E-160E-4454-BE21-BC81DF336750}"
EndProject
Project("{FAE04EC0-301F-11D3-BF4B-00C04F79EFBC}") = "LoginApi.Test", "LoginApi.Test\LoginApi.Test.csproj", "{A7709221-680B-4749-ADC0-AD19CAF41D59}"
EndProject
Global
	GlobalSection(SolutionConfigurationPlatforms) = preSolution
		Debug|Any CPU = Debug|Any CPU
		Release|Any CPU = Release|Any CPU
	EndGlobalSection
	GlobalSection(ProjectConfigurationPlatforms) = postSolution
		{D8B66987-63F0-427D-9882-ACD3CFE47D75}.Debug|Any CPU.ActiveCfg = Debug|Any CPU
		{D8B66987-63F0-427D-9882-ACD3CFE47D75}.Debug|Any CPU.Build.0 = Debug|Any CPU
		{D8B66987-63F0-427D-9882-ACD3CFE47D75}.Release|Any CPU.ActiveCfg = Release|Any CPU
		{D8B66987-63F0-427D-9882-ACD3CFE47D75}.Release|Any CPU.Build.0 = Release|Any CPU
		{2559746C-1EC0-4FE0-A9B6-345DEF11BACC}.Debug|Any CPU.ActiveCfg = Debug|Any CPU
		{2559746C-1EC0-4FE0-A9B6-345DEF11BACC}.Debug|Any CPU.Build.0 = Debug|Any CPU
		{2559746C-1EC0-4FE0-A9B6-345DEF11BACC}.Release|Any CPU.ActiveCfg = Release|Any CPU
		{2559746C-1EC0-4FE0-A9B6-345DEF11BACC}.Release|Any CPU.Build.0 = Release|Any CPU
		{3815A4B2-646F-48DF-8D80-EA17706FEDC2}.Debug|Any CPU.ActiveCfg = Debug|Any CPU
		{3815A4B2-646F-48DF-8D80-EA17706FEDC2}.Debug|Any CPU.Build.0 = Debug|Any CPU
		{3815A4B2-646F-48DF-8D80-EA17706FEDC2}.Release|Any CPU.ActiveCfg = Release|Any CPU
		{3815A4B2-646F-48DF-8D80-EA17706FEDC2}.Release|Any CPU.Build.0 = Release|Any CPU
		{59A1C51E-AE9E-4945-9525-1AA337403B93}.Debug|Any CPU.ActiveCfg = Debug|Any CPU
		{59A1C51E-AE9E-4945-9525-1AA337403B93}.Debug|Any CPU.Build.0 = Debug|Any CPU
		{59A1C51E-AE9E-4945-9525-1AA337403B93}.Release|Any CPU.ActiveCfg = Release|Any CPU
		{59A1C51E-AE9E-4945-9525-1AA337403B93}.Release|Any CPU.Build.0 = Release|Any CPU
		{0512697E-160E-4454-BE21-BC81DF336750}.Debug|Any CPU.ActiveCfg = Debug|Any CPU
		{0512697E-160E-4454-BE21-BC81DF336750}.Debug|Any CPU.Build.0 = Debug|Any CPU
		{0512697E-160E-4454-BE21-BC81DF336750}.Release|Any CPU.ActiveCfg = Release|Any CPU
		{0512697E-160E-4454-BE21-BC81DF336750}.Release|Any CPU.Build.0 = Release|Any CPU
		{A7709221-680B-4749-ADC0-AD19CAF41D59}.Debug|Any CPU.ActiveCfg = Debug|Any CPU
		{A7709221-680B-4749-ADC0-AD19CAF41D59}.Debug|Any CPU.Build.0 = Debug|Any CPU
		{A7709221-680B-4749-ADC0-AD19CAF41D59}.Release|Any CPU.ActiveCfg = Release|Any CPU
		{A7709221-680B-4749-ADC0-AD19CAF41D59}.Release|Any CPU.Build.0 = Release|Any CPU
	EndGlobalSection
	GlobalSection(SolutionProperties) = preSolution
		HideSolutionNode = FALSE
	EndGlobalSection
	GlobalSection(ExtensibilityGlobals) = postSolution
		SolutionGuid = {D1BB5272-A0D1-4E35-BDCB-BB6EC4796080}
	EndGlobalSection
EndGlobal
